PODS:
  - NCMB (2.3.7)

DEPENDENCIES:
  - NCMB (from `https://github.com/NIFTYCloud-mbaas/ncmb_ios.git`)

EXTERNAL SOURCES:
  NCMB:
    :git: https://github.com/NIFTYCloud-mbaas/ncmb_ios.git

CHECKOUT OPTIONS:
  NCMB:
    :commit: 75a1b1b1b7c656dbb5da59b0ac10bd9d4754c226
    :git: https://github.com/NIFTYCloud-mbaas/ncmb_ios.git

SPEC CHECKSUMS:
  NCMB: 705b707898a144664e033321d679859f18533803

PODFILE CHECKSUM: 629257e517957a6bfdd935e3e669f9516f5027eb

COCOAPODS: 1.3.1
