// !$*UTF8*$!
{
	archiveVersion = 1;
	classes = {
	};
	objectVersion = 46;
	objects = {

/* Begin PBXBuildFile section */
		7B2F8BE34A4DCE729BA95109 /* Pods_Swift3PushApp.framework in Frameworks */ = {isa = PBXBuildFile; fileRef = 86308717D2A8E8D7DE6A769B /* Pods_Swift3PushApp.framework */; };
		BDD36F221D9A3BB500151031 /* AppDelegate.swift in Sources */ = {isa = PBXBuildFile; fileRef = BDD36F211D9A3BB500151031 /* AppDelegate.swift */; };
		BDD36F241D9A3BB500151031 /* ViewController.swift in Sources */ = {isa = PBXBuildFile; fileRef = BDD36F231D9A3BB500151031 /* ViewController.swift */; };
		BDD36F271D9A3BB500151031 /* Main.storyboard in Resources */ = {isa = PBXBuildFile; fileRef = BDD36F251D9A3BB500151031 /* Main.storyboard */; };
		BDD36F291D9A3BB500151031 /* Assets.xcassets in Resources */ = {isa = PBXBuildFile; fileRef = BDD36F281D9A3BB500151031 /* Assets.xcassets */; };
		BDD36F2C1D9A3BB500151031 /* LaunchScreen.storyboard in Resources */ = {isa = PBXBuildFile; fileRef = BDD36F2A1D9A3BB500151031 /* LaunchScreen.storyboard */; };
/* End PBXBuildFile section */

/* Begin PBXFileReference section */
		08A11F00C4290E83C7D99435 /* Pods-Swift3PushApp.release.xcconfig */ = {isa = PBXFileReference; includeInIndex = 1; lastKnownFileType = text.xcconfig; name = "Pods-Swift3PushApp.release.xcconfig"; path = "Pods/Target Support Files/Pods-Swift3PushApp/Pods-Swift3PushApp.release.xcconfig"; sourceTree = "<group>"; };
		5F5209CBFAF753783005DEE7 /* Pods-Swift3PushApp.debug.xcconfig */ = {isa = PBXFileReference; includeInIndex = 1; lastKnownFileType = text.xcconfig; name = "Pods-Swift3PushApp.debug.xcconfig"; path = "Pods/Target Support Files/Pods-Swift3PushApp/Pods-Swift3PushApp.debug.xcconfig"; sourceTree = "<group>"; };
		86308717D2A8E8D7DE6A769B /* Pods_Swift3PushApp.framework */ = {isa = PBXFileReference; explicitFileType = wrapper.framework; includeInIndex = 0; path = Pods_Swift3PushApp.framework; sourceTree = BUILT_PRODUCTS_DIR; };
		BD5194FC1F665F1F005C6ED9 /* Swift3PushApp.entitlements */ = {isa = PBXFileReference; lastKnownFileType = text.plist.entitlements; path = Swift3PushApp.entitlements; sourceTree = "<group>"; };
		BDD36F1E1D9A3BB500151031 /* Swift3PushApp.app */ = {isa = PBXFileReference; explicitFileType = wrapper.application; includeInIndex = 0; path = Swift3PushApp.app; sourceTree = BUILT_PRODUCTS_DIR; };
		BDD36F211D9A3BB500151031 /* AppDelegate.swift */ = {isa = PBXFileReference; lastKnownFileType = sourcecode.swift; path = AppDelegate.swift; sourceTree = "<group>"; };
		BDD36F231D9A3BB500151031 /* ViewController.swift */ = {isa = PBXFileReference; lastKnownFileType = sourcecode.swift; path = ViewController.swift; sourceTree = "<group>"; };
		BDD36F261D9A3BB500151031 /* Base */ = {isa = PBXFileReference; lastKnownFileType = file.storyboard; name = Base; path = Base.lproj/Main.storyboard; sourceTree = "<group>"; };
		BDD36F281D9A3BB500151031 /* Assets.xcassets */ = {isa = PBXFileReference; lastKnownFileType = folder.assetcatalog; path = Assets.xcassets; sourceTree = "<group>"; };
		BDD36F2B1D9A3BB500151031 /* Base */ = {isa = PBXFileReference; lastKnownFileType = file.storyboard; name = Base; path = Base.lproj/LaunchScreen.storyboard; sourceTree = "<group>"; };
		BDD36F2D1D9A3BB500151031 /* Info.plist */ = {isa = PBXFileReference; lastKnownFileType = text.plist.xml; path = Info.plist; sourceTree = "<group>"; };
/* End PBXFileReference section */

/* Begin PBXFrameworksBuildPhase section */
		BDD36F1B1D9A3BB500151031 /* Frameworks */ = {
			isa = PBXFrameworksBuildPhase;
			buildActionMask = 2147483647;
			files = (
				7B2F8BE34A4DCE729BA95109 /* Pods_Swift3PushApp.framework in Frameworks */,
			);
			runOnlyForDeploymentPostprocessing = 0;
		};
/* End PBXFrameworksBuildPhase section */

/* Begin PBXGroup section */
		929691DA4FA3967058E3FA32 /* Frameworks */ = {
			isa = PBXGroup;
			children = (
				86308717D2A8E8D7DE6A769B /* Pods_Swift3PushApp.framework */,
			);
			name = Frameworks;
			sourceTree = "<group>";
		};
		A17CD6ED6E091011A0FB9248 /* Pods */ = {
			isa = PBXGroup;
			children = (
				5F5209CBFAF753783005DEE7 /* Pods-Swift3PushApp.debug.xcconfig */,
				08A11F00C4290E83C7D99435 /* Pods-Swift3PushApp.release.xcconfig */,
			);
			name = Pods;
			sourceTree = "<group>";
		};
		BDD36F151D9A3BB500151031 = {
			isa = PBXGroup;
			children = (
				BDD36F201D9A3BB500151031 /* Swift3PushApp */,
				BDD36F1F1D9A3BB500151031 /* Products */,
				A17CD6ED6E091011A0FB9248 /* Pods */,
				929691DA4FA3967058E3FA32 /* Frameworks */,
			);
			sourceTree = "<group>";
		};
		BDD36F1F1D9A3BB500151031 /* Products */ = {
			isa = PBXGroup;
			children = (
				BDD36F1E1D9A3BB500151031 /* Swift3PushApp.app */,
			);
			name = Products;
			sourceTree = "<group>";
		};
		BDD36F201D9A3BB500151031 /* Swift3PushApp */ = {
			isa = PBXGroup;
			children = (
				BD5194FC1F665F1F005C6ED9 /* Swift3PushApp.entitlements */,
				BDD36F211D9A3BB500151031 /* AppDelegate.swift */,
				BDD36F231D9A3BB500151031 /* ViewController.swift */,
				BDD36F251D9A3BB500151031 /* Main.storyboard */,
				BDD36F281D9A3BB500151031 /* Assets.xcassets */,
				BDD36F2A1D9A3BB500151031 /* LaunchScreen.storyboard */,
				BDD36F2D1D9A3BB500151031 /* Info.plist */,
			);
			path = Swift3PushApp;
			sourceTree = "<group>";
		};
/* End PBXGroup section */

/* Begin PBXNativeTarget section */
		BDD36F1D1D9A3BB500151031 /* Swift3PushApp */ = {
			isa = PBXNativeTarget;
			buildConfigurationList = BDD36F301D9A3BB500151031 /* Build configuration list for PBXNativeTarget "Swift3PushApp" */;
			buildPhases = (
				D26EA0F0959EF6B6E3512C08 /* [CP] Check Pods Manifest.lock */,
				BDD36F1A1D9A3BB500151031 /* Sources */,
				BDD36F1B1D9A3BB500151031 /* Frameworks */,
				BDD36F1C1D9A3BB500151031 /* Resources */,
				617137222C43C4A3A6248CEC /* [CP] Embed Pods Frameworks */,
				71CC56C07C39D1972B49045A /* [CP] Copy Pods Resources */,
			);
			buildRules = (
			);
			dependencies = (
			);
			name = Swift3PushApp;
			productName = Swift3PushApp;
			productReference = BDD36F1E1D9A3BB500151031 /* Swift3PushApp.app */;
			productType = "com.apple.product-type.application";
		};
/* End PBXNativeTarget section */

/* Begin PBXProject section */
		BDD36F161D9A3BB500151031 /* Project object */ = {
			isa = PBXProject;
			attributes = {
				LastSwiftUpdateCheck = 0800;
				LastUpgradeCheck = 0800;
				ORGANIZATIONNAME = "NIFTY Corporation";
				TargetAttributes = {
					BDD36F1D1D9A3BB500151031 = {
						CreatedOnToolsVersion = 8.0;
						DevelopmentTeam = 796KW2587D;
						ProvisioningStyle = Manual;
						SystemCapabilities = {
							com.apple.Push = {
								enabled = 1;
							};
						};
					};
				};
			};
			buildConfigurationList = BDD36F191D9A3BB500151031 /* Build configuration list for PBXProject "Swift3PushApp" */;
			compatibilityVersion = "Xcode 3.2";
			developmentRegion = English;
			hasScannedForEncodings = 0;
			knownRegions = (
				en,
				Base,
			);
			mainGroup = BDD36F151D9A3BB500151031;
			productRefGroup = BDD36F1F1D9A3BB500151031 /* Products */;
			projectDirPath = "";
			projectRoot = "";
			targets = (
				BDD36F1D1D9A3BB500151031 /* Swift3PushApp */,
			);
		};
/* End PBXProject section */

/* Begin PBXResourcesBuildPhase section */
		BDD36F1C1D9A3BB500151031 /* Resources */ = {
			isa = PBXResourcesBuildPhase;
			buildActionMask = 2147483647;
			files = (
				BDD36F2C1D9A3BB500151031 /* LaunchScreen.storyboard in Resources */,
				BDD36F291D9A3BB500151031 /* Assets.xcassets in Resources */,
				BDD36F271D9A3BB500151031 /* Main.storyboard in Resources */,
			);
			runOnlyForDeploymentPostprocessing = 0;
		};
/* End PBXResourcesBuildPhase section */

/* Begin PBXShellScriptBuildPhase section */
		617137222C43C4A3A6248CEC /* [CP] Embed Pods Frameworks */ = {
			isa = PBXShellScriptBuildPhase;
			buildActionMask = 2147483647;
			files = (
			);
			inputPaths = (
				"${SRCROOT}/Pods/Target Support Files/Pods-Swift3PushApp/Pods-Swift3PushApp-frameworks.sh",
				"${BUILT_PRODUCTS_DIR}/NCMB/NCMB.framework",
			);
			name = "[CP] Embed Pods Frameworks";
			outputPaths = (
				"${TARGET_BUILD_DIR}/${FRAMEWORKS_FOLDER_PATH}/NCMB.framework",
			);
			runOnlyForDeploymentPostprocessing = 0;
			shellPath = /bin/sh;
			shellScript = "\"${SRCROOT}/Pods/Target Support Files/Pods-Swift3PushApp/Pods-Swift3PushApp-frameworks.sh\"\n";
			showEnvVarsInLog = 0;
		};
		71CC56C07C39D1972B49045A /* [CP] Copy Pods Resources */ = {
			isa = PBXShellScriptBuildPhase;
			buildActionMask = 2147483647;
			files = (
			);
			inputPaths = (
			);
			name = "[CP] Copy Pods Resources";
			outputPaths = (
			);
			runOnlyForDeploymentPostprocessing = 0;
			shellPath = /bin/sh;
			shellScript = "\"${SRCROOT}/Pods/Target Support Files/Pods-Swift3PushApp/Pods-Swift3PushApp-resources.sh\"\n";
			showEnvVarsInLog = 0;
		};
		D26EA0F0959EF6B6E3512C08 /* [CP] Check Pods Manifest.lock */ = {
			isa = PBXShellScriptBuildPhase;
			buildActionMask = 2147483647;
			files = (
			);
			inputPaths = (
				"${PODS_PODFILE_DIR_PATH}/Podfile.lock",
				"${PODS_ROOT}/Manifest.lock",
			);
			name = "[CP] Check Pods Manifest.lock";
			outputPaths = (
				"$(DERIVED_FILE_DIR)/Pods-Swift3PushApp-checkManifestLockResult.txt",
			);
			runOnlyForDeploymentPostprocessing = 0;
			shellPath = /bin/sh;
			shellScript = "diff \"${PODS_PODFILE_DIR_PATH}/Podfile.lock\" \"${PODS_ROOT}/Manifest.lock\" > /dev/null\nif [ $? != 0 ] ; then\n    # print error to STDERR\n    echo \"error: The sandbox is not in sync with the Podfile.lock. Run 'pod install' or update your CocoaPods installation.\" >&2\n    exit 1\nfi\n# This output is used by Xcode 'outputs' to avoid re-running this script phase.\necho \"SUCCESS\" > \"${SCRIPT_OUTPUT_FILE_0}\"\n";
			showEnvVarsInLog = 0;
		};
/* End PBXShellScriptBuildPhase section */

/* Begin PBXSourcesBuildPhase section */
		BDD36F1A1D9A3BB500151031 /* Sources */ = {
			isa = PBXSourcesBuildPhase;
			buildActionMask = 2147483647;
			files = (
				BDD36F241D9A3BB500151031 /* ViewController.swift in Sources */,
				BDD36F221D9A3BB500151031 /* AppDelegate.swift in Sources */,
			);
			runOnlyForDeploymentPostprocessing = 0;
		};
/* End PBXSourcesBuildPhase section */

/* Begin PBXVariantGroup section */
		BDD36F251D9A3BB500151031 /* Main.storyboard */ = {
			isa = PBXVariantGroup;
			children = (
				BDD36F261D9A3BB500151031 /* Base */,
			);
			name = Main.storyboard;
			sourceTree = "<group>";
		};
		BDD36F2A1D9A3BB500151031 /* LaunchScreen.storyboard */ = {
			isa = PBXVariantGroup;
			children = (
				BDD36F2B1D9A3BB500151031 /* Base */,
			);
			name = LaunchScreen.storyboard;
			sourceTree = "<group>";
		};
/* End PBXVariantGroup section */

/* Begin XCBuildConfiguration section */
		BDD36F2E1D9A3BB500151031 /* Debug */ = {
			isa = XCBuildConfiguration;
			buildSettings = {
				ALWAYS_SEARCH_USER_PATHS = NO;
				CLANG_ANALYZER_NONNULL = YES;
				CLANG_CXX_LANGUAGE_STANDARD = "gnu++0x";
				CLANG_CXX_LIBRARY = "libc++";
				CLANG_ENABLE_MODULES = YES;
				CLANG_ENABLE_OBJC_ARC = YES;
				CLANG_WARN_BOOL_CONVERSION = YES;
				CLANG_WARN_CONSTANT_CONVERSION = YES;
				CLANG_WARN_DIRECT_OBJC_ISA_USAGE = YES_ERROR;
				CLANG_WARN_DOCUMENTATION_COMMENTS = YES;
				CLANG_WARN_EMPTY_BODY = YES;
				CLANG_WARN_ENUM_CONVERSION = YES;
				CLANG_WARN_INFINITE_RECURSION = YES;
				CLANG_WARN_INT_CONVERSION = YES;
				CLANG_WARN_OBJC_ROOT_CLASS = YES_ERROR;
				CLANG_WARN_SUSPICIOUS_MOVES = YES;
				CLANG_WARN_UNREACHABLE_CODE = YES;
				CLANG_WARN__DUPLICATE_METHOD_MATCH = YES;
				"CODE_SIGN_IDENTITY[sdk=iphoneos*]" = "iPhone Developer";
				COPY_PHASE_STRIP = NO;
				DEBUG_INFORMATION_FORMAT = dwarf;
				ENABLE_STRICT_OBJC_MSGSEND = YES;
				ENABLE_TESTABILITY = YES;
				GCC_C_LANGUAGE_STANDARD = gnu99;
				GCC_DYNAMIC_NO_PIC = NO;
				GCC_NO_COMMON_BLOCKS = YES;
				GCC_OPTIMIZATION_LEVEL = 0;
				GCC_PREPROCESSOR_DEFINITIONS = (
					"DEBUG=1",
					"$(inherited)",
				);
				GCC_WARN_64_TO_32_BIT_CONVERSION = YES;
				GCC_WARN_ABOUT_RETURN_TYPE = YES_ERROR;
				GCC_WARN_UNDECLARED_SELECTOR = YES;
				GCC_WARN_UNINITIALIZED_AUTOS = YES_AGGRESSIVE;
				GCC_WARN_UNUSED_FUNCTION = YES;
				GCC_WARN_UNUSED_VARIABLE = YES;
				IPHONEOS_DEPLOYMENT_TARGET = 10.0;
				MTL_ENABLE_DEBUG_INFO = YES;
				ONLY_ACTIVE_ARCH = YES;
				SDKROOT = iphoneos;
				SWIFT_ACTIVE_COMPILATION_CONDITIONS = DEBUG;
				SWIFT_OPTIMIZATION_LEVEL = "-Onone";
				TARGETED_DEVICE_FAMILY = "1,2";
			};
			name = Debug;
		};
		BDD36F2F1D9A3BB500151031 /* Release */ = {
			isa = XCBuildConfiguration;
			buildSettings = {
				ALWAYS_SEARCH_USER_PATHS = NO;
				CLANG_ANALYZER_NONNULL = YES;
				CLANG_CXX_LANGUAGE_STANDARD = "gnu++0x";
				CLANG_CXX_LIBRARY = "libc++";
				CLANG_ENABLE_MODULES = YES;
				CLANG_ENABLE_OBJC_ARC = YES;
				CLANG_WARN_BOOL_CONVERSION = YES;
				CLANG_WARN_CONSTANT_CONVERSION = YES;
				CLANG_WARN_DIRECT_OBJC_ISA_USAGE = YES_ERROR;
				CLANG_WARN_DOCUMENTATION_COMMENTS = YES;
				CLANG_WARN_EMPTY_BODY = YES;
				CLANG_WARN_ENUM_CONVERSION = YES;
				CLANG_WARN_INFINITE_RECURSION = YES;
				CLANG_WARN_INT_CONVERSION = YES;
				CLANG_WARN_OBJC_ROOT_CLASS = YES_ERROR;
				CLANG_WARN_SUSPICIOUS_MOVES = YES;
				CLANG_WARN_UNREACHABLE_CODE = YES;
				CLANG_WARN__DUPLICATE_METHOD_MATCH = YES;
				"CODE_SIGN_IDENTITY[sdk=iphoneos*]" = "iPhone Developer";
				COPY_PHASE_STRIP = NO;
				DEBUG_INFORMATION_FORMAT = "dwarf-with-dsym";
				ENABLE_NS_ASSERTIONS = NO;
				ENABLE_STRICT_OBJC_MSGSEND = YES;
				GCC_C_LANGUAGE_STANDARD = gnu99;
				GCC_NO_COMMON_BLOCKS = YES;
				GCC_WARN_64_TO_32_BIT_CONVERSION = YES;
				GCC_WARN_ABOUT_RETURN_TYPE = YES_ERROR;
				GCC_WARN_UNDECLARED_SELECTOR = YES;
				GCC_WARN_UNINITIALIZED_AUTOS = YES_AGGRESSIVE;
				GCC_WARN_UNUSED_FUNCTION = YES;
				GCC_WARN_UNUSED_VARIABLE = YES;
				IPHONEOS_DEPLOYMENT_TARGET = 10.0;
				MTL_ENABLE_DEBUG_INFO = NO;
				SDKROOT = iphoneos;
				SWIFT_OPTIMIZATION_LEVEL = "-Owholemodule";
				TARGETED_DEVICE_FAMILY = "1,2";
				VALIDATE_PRODUCT = YES;
			};
			name = Release;
		};
		BDD36F311D9A3BB500151031 /* Debug */ = {
			isa = XCBuildConfiguration;
			baseConfigurationReference = 5F5209CBFAF753783005DEE7 /* Pods-Swift3PushApp.debug.xcconfig */;
			buildSettings = {
				ASSETCATALOG_COMPILER_APPICON_NAME = AppIcon;
				CODE_SIGN_ENTITLEMENTS = Swift3PushApp/Swift3PushApp.entitlements;
				DEVELOPMENT_TEAM = 796KW2587D;
				INFOPLIST_FILE = Swift3PushApp/Info.plist;
				LD_RUNPATH_SEARCH_PATHS = "$(inherited) @executable_path/Frameworks";
				PRODUCT_BUNDLE_IDENTIFIER = fjct.natsumo.ikeda.pushapp;
				PRODUCT_NAME = "$(TARGET_NAME)";
				PROVISIONING_PROFILE = "7eec186b-38ba-4f59-82b7-5dec68c76274";
				PROVISIONING_PROFILE_SPECIFIER = "Ikeda PushApp Provisioning Profile";
				SWIFT_VERSION = 3.0;
			};
			name = Debug;
		};
		BDD36F321D9A3BB500151031 /* Release */ = {
			isa = XCBuildConfiguration;
			baseConfigurationReference = 08A11F00C4290E83C7D99435 /* Pods-Swift3PushApp.release.xcconfig */;
			buildSettings = {
				ASSETCATALOG_COMPILER_APPICON_NAME = AppIcon;
				CODE_SIGN_ENTITLEMENTS = Swift3PushApp/Swift3PushApp.entitlements;
				DEVELOPMENT_TEAM = "";
				INFOPLIST_FILE = Swift3PushApp/Info.plist;
				LD_RUNPATH_SEARCH_PATHS = "$(inherited) @executable_path/Frameworks";
				PRODUCT_BUNDLE_IDENTIFIER = fjct.natsumo.ikeda.pushapp;
				PRODUCT_NAME = "$(TARGET_NAME)";
				PROVISIONING_PROFILE_SPECIFIER = "";
				SWIFT_VERSION = 3.0;
			};
			name = Release;
		};
/* End XCBuildConfiguration section */

/* Begin XCConfigurationList section */
		BDD36F191D9A3BB500151031 /* Build configuration list for PBXProject "Swift3PushApp" */ = {
			isa = XCConfigurationList;
			buildConfigurations = (
				BDD36F2E1D9A3BB500151031 /* Debug */,
				BDD36F2F1D9A3BB500151031 /* Release */,
			);
			defaultConfigurationIsVisible = 0;
			defaultConfigurationName = Release;
		};
		BDD36F301D9A3BB500151031 /* Build configuration list for PBXNativeTarget "Swift3PushApp" */ = {
			isa = XCConfigurationList;
			buildConfigurations = (
				BDD36F311D9A3BB500151031 /* Debug */,
				BDD36F321D9A3BB500151031 /* Release */,
			);
			defaultConfigurationIsVisible = 0;
			defaultConfigurationName = Release;
		};
/* End XCConfigurationList section */
	};
	rootObject = BDD36F161D9A3BB500151031 /* Project object */;
}
